
Microsoft Visual Studio Solution File, Format Version 12.00
# Visual Studio Version 17
VisualStudioVersion = 17.9.34607.119
MinimumVisualStudioVersion = 10.0.40219.1
Project("{FAE04EC0-301F-11D3-BF4B-00C04F79EFBC}") = "battery.UWP", "battery\battery.UWP\battery.UWP.csproj", "{60361A13-AD6F-4454-8D4D-AAC836DCEE01}"
EndProject
Project("{FAE04EC0-301F-11D3-BF4B-00C04F79EFBC}") = "battery.Android", "battery\battery.Android\battery.Android.csproj", "{C93E84EA-499C-4924-9964-F84186132DF1}"
EndProject
Project("{FAE04EC0-301F-11D3-BF4B-00C04F79EFBC}") = "battery", "battery\battery\battery.csproj", "{0F6D1DFD-49AA-4389-AE62-3FBF4D297803}"
EndProject
Global
	GlobalSection(SolutionConfigurationPlatforms) = preSolution
		Debug|Any CPU = Debug|Any CPU
		Debug|ARM = Debug|ARM
		Debug|x64 = Debug|x64
		Debug|x86 = Debug|x86
		Release|Any CPU = Release|Any CPU
		Release|ARM = Release|ARM
		Release|x64 = Release|x64
		Release|x86 = Release|x86
	EndGlobalSection
	GlobalSection(ProjectConfigurationPlatforms) = postSolution
		{60361A13-AD6F-4454-8D4D-AAC836DCEE01}.Debug|Any CPU.ActiveCfg = Debug|x64
		{60361A13-AD6F-4454-8D4D-AAC836DCEE01}.Debug|Any CPU.Build.0 = Debug|x64
		{60361A13-AD6F-4454-8D4D-AAC836DCEE01}.Debug|Any CPU.Deploy.0 = Debug|x64
		{60361A13-AD6F-4454-8D4D-AAC836DCEE01}.Debug|ARM.ActiveCfg = Debug|ARM
		{60361A13-AD6F-4454-8D4D-AAC836DCEE01}.Debug|ARM.Build.0 = Debug|ARM
		{60361A13-AD6F-4454-8D4D-AAC836DCEE01}.Debug|ARM.Deploy.0 = Debug|ARM
		{60361A13-AD6F-4454-8D4D-AAC836DCEE01}.Debug|x64.ActiveCfg = Debug|x64
		{60361A13-AD6F-4454-8D4D-AAC836DCEE01}.Debug|x64.Build.0 = Debug|x64
		{60361A13-AD6F-4454-8D4D-AAC836DCEE01}.Debug|x64.Deploy.0 = Debug|x64
		{60361A13-AD6F-4454-8D4D-AAC836DCEE01}.Debug|x86.ActiveCfg = Debug|x86
		{60361A13-AD6F-4454-8D4D-AAC836DCEE01}.Debug|x86.Build.0 = Debug|x86
		{60361A13-AD6F-4454-8D4D-AAC836DCEE01}.Debug|x86.Deploy.0 = Debug|x86
		{60361A13-AD6F-4454-8D4D-AAC836DCEE01}.Release|Any CPU.ActiveCfg = Release|x64
		{60361A13-AD6F-4454-8D4D-AAC836DCEE01}.Release|Any CPU.Build.0 = Release|x64
		{60361A13-AD6F-4454-8D4D-AAC836DCEE01}.Release|Any CPU.Deploy.0 = Release|x64
		{60361A13-AD6F-4454-8D4D-AAC836DCEE01}.Release|ARM.ActiveCfg = Release|ARM
		{60361A13-AD6F-4454-8D4D-AAC836DCEE01}.Release|ARM.Build.0 = Release|ARM
		{60361A13-AD6F-4454-8D4D-AAC836DCEE01}.Release|ARM.Deploy.0 = Release|ARM
		{60361A13-AD6F-4454-8D4D-AAC836DCEE01}.Release|x64.ActiveCfg = Release|x64
		{60361A13-AD6F-4454-8D4D-AAC836DCEE01}.Release|x64.Build.0 = Release|x64
		{60361A13-AD6F-4454-8D4D-AAC836DCEE01}.Release|x64.Deploy.0 = Release|x64
		{60361A13-AD6F-4454-8D4D-AAC836DCEE01}.Release|x86.ActiveCfg = Release|x86
		{60361A13-AD6F-4454-8D4D-AAC836DCEE01}.Release|x86.Build.0 = Release|x86
		{60361A13-AD6F-4454-8D4D-AAC836DCEE01}.Release|x86.Deploy.0 = Release|x86
		{C93E84EA-499C-4924-9964-F84186132DF1}.Debug|Any CPU.ActiveCfg = Debug|Any CPU
		{C93E84EA-499C-4924-9964-F84186132DF1}.Debug|Any CPU.Build.0 = Debug|Any CPU
		{C93E84EA-499C-4924-9964-F84186132DF1}.Debug|Any CPU.Deploy.0 = Debug|Any CPU
		{C93E84EA-499C-4924-9964-F84186132DF1}.Debug|ARM.ActiveCfg = Debug|Any CPU
		{C93E84EA-499C-4924-9964-F84186132DF1}.Debug|ARM.Build.0 = Debug|Any CPU
		{C93E84EA-499C-4924-9964-F84186132DF1}.Debug|ARM.Deploy.0 = Debug|Any CPU
		{C93E84EA-499C-4924-9964-F84186132DF1}.Debug|x64.ActiveCfg = Debug|Any CPU
		{C93E84EA-499C-4924-9964-F84186132DF1}.Debug|x64.Build.0 = Debug|Any CPU
		{C93E84EA-499C-4924-9964-F84186132DF1}.Debug|x64.Deploy.0 = Debug|Any CPU
		{C93E84EA-499C-4924-9964-F84186132DF1}.Debug|x86.ActiveCfg = Debug|Any CPU
		{C93E84EA-499C-4924-9964-F84186132DF1}.Debug|x86.Build.0 = Debug|Any CPU
		{C93E84EA-499C-4924-9964-F84186132DF1}.Debug|x86.Deploy.0 = Debug|Any CPU
		{C93E84EA-499C-4924-9964-F84186132DF1}.Release|Any CPU.ActiveCfg = Release|Any CPU
		{C93E84EA-499C-4924-9964-F84186132DF1}.Release|Any CPU.Build.0 = Release|Any CPU
		{C93E84EA-499C-4924-9964-F84186132DF1}.Release|Any CPU.Deploy.0 = Release|Any CPU
		{C93E84EA-499C-4924-9964-F84186132DF1}.Release|ARM.ActiveCfg = Release|Any CPU
		{C93E84EA-499C-4924-9964-F84186132DF1}.Release|ARM.Build.0 = Release|Any CPU
		{C93E84EA-499C-4924-9964-F84186132DF1}.Release|ARM.Deploy.0 = Release|Any CPU
		{C93E84EA-499C-4924-9964-F84186132DF1}.Release|x64.ActiveCfg = Release|Any CPU
		{C93E84EA-499C-4924-9964-F84186132DF1}.Release|x64.Build.0 = Release|Any CPU
		{C93E84EA-499C-4924-9964-F84186132DF1}.Release|x64.Deploy.0 = Release|Any CPU
		{C93E84EA-499C-4924-9964-F84186132DF1}.Release|x86.ActiveCfg = Release|Any CPU
		{C93E84EA-499C-4924-9964-F84186132DF1}.Release|x86.Build.0 = Release|Any CPU
		{C93E84EA-499C-4924-9964-F84186132DF1}.Release|x86.Deploy.0 = Release|Any CPU
		{0F6D1DFD-49AA-4389-AE62-3FBF4D297803}.Debug|Any CPU.ActiveCfg = Debug|Any CPU
		{0F6D1DFD-49AA-4389-AE62-3FBF4D297803}.Debug|Any CPU.Build.0 = Debug|Any CPU
		{0F6D1DFD-49AA-4389-AE62-3FBF4D297803}.Debug|Any CPU.Deploy.0 = Debug|Any CPU
		{0F6D1DFD-49AA-4389-AE62-3FBF4D297803}.Debug|ARM.ActiveCfg = Debug|Any CPU
		{0F6D1DFD-49AA-4389-AE62-3FBF4D297803}.Debug|ARM.Build.0 = Debug|Any CPU
		{0F6D1DFD-49AA-4389-AE62-3FBF4D297803}.Debug|ARM.Deploy.0 = Debug|Any CPU
		{0F6D1DFD-49AA-4389-AE62-3FBF4D297803}.Debug|x64.ActiveCfg = Debug|Any CPU
		{0F6D1DFD-49AA-4389-AE62-3FBF4D297803}.Debug|x64.Build.0 = Debug|Any CPU
		{0F6D1DFD-49AA-4389-AE62-3FBF4D297803}.Debug|x64.Deploy.0 = Debug|Any CPU
		{0F6D1DFD-49AA-4389-AE62-3FBF4D297803}.Debug|x86.ActiveCfg = Debug|Any CPU
		{0F6D1DFD-49AA-4389-AE62-3FBF4D297803}.Debug|x86.Build.0 = Debug|Any CPU
		{0F6D1DFD-49AA-4389-AE62-3FBF4D297803}.Debug|x86.Deploy.0 = Debug|Any CPU
		{0F6D1DFD-49AA-4389-AE62-3FBF4D297803}.Release|Any CPU.ActiveCfg = Release|Any CPU
		{0F6D1DFD-49AA-4389-AE62-3FBF4D297803}.Release|Any CPU.Build.0 = Release|Any CPU
		{0F6D1DFD-49AA-4389-AE62-3FBF4D297803}.Release|Any CPU.Deploy.0 = Release|Any CPU
		{0F6D1DFD-49AA-4389-AE62-3FBF4D297803}.Release|ARM.ActiveCfg = Release|Any CPU
		{0F6D1DFD-49AA-4389-AE62-3FBF4D297803}.Release|ARM.Build.0 = Release|Any CPU
		{0F6D1DFD-49AA-4389-AE62-3FBF4D297803}.Release|ARM.Deploy.0 = Release|Any CPU
		{0F6D1DFD-49AA-4389-AE62-3FBF4D297803}.Release|x64.ActiveCfg = Release|Any CPU
		{0F6D1DFD-49AA-4389-AE62-3FBF4D297803}.Release|x64.Build.0 = Release|Any CPU
		{0F6D1DFD-49AA-4389-AE62-3FBF4D297803}.Release|x64.Deploy.0 = Release|Any CPU
		{0F6D1DFD-49AA-4389-AE62-3FBF4D297803}.Release|x86.ActiveCfg = Release|Any CPU
		{0F6D1DFD-49AA-4389-AE62-3FBF4D297803}.Release|x86.Build.0 = Release|Any CPU
		{0F6D1DFD-49AA-4389-AE62-3FBF4D297803}.Release|x86.Deploy.0 = Release|Any CPU
	EndGlobalSection
	GlobalSection(SolutionProperties) = preSolution
		HideSolutionNode = FALSE
	EndGlobalSection
	GlobalSection(ExtensibilityGlobals) = postSolution
		SolutionGuid = {0DFA5439-6A79-4A1D-998C-1EF9B86A8675}
	EndGlobalSection
EndGlobal
